
Microsoft Visual Studio Solution File, Format Version 12.00
# Visual Studio Version 17
VisualStudioVersion = 17.4.33103.184
MinimumVisualStudioVersion = 10.0.40219.1
Project("{8BC9CEB8-8B4A-11D0-8D11-00A0C91BC942}") = "BaiTap1", "BaiTap1\BaiTap1.vcxproj", "{3CD5E4C6-4859-4081-B103-23C9E168E232}"
EndProject
Project("{8BC9CEB8-8B4A-11D0-8D11-00A0C91BC942}") = "BaiTap2", "BaiTap2\BaiTap2.vcxproj", "{57C393EE-2CD6-43FD-8B51-462BEFE2473F}"
EndProject
Project("{8BC9CEB8-8B4A-11D0-8D11-00A0C91BC942}") = "BaiTap3", "BaiTap3\BaiTap3.vcxproj", "{587A5B3A-1BED-4798-ABF7-7F61F2B3B642}"
EndProject
Project("{8BC9CEB8-8B4A-11D0-8D11-00A0C91BC942}") = "BaiTap4", "BaiTap4\BaiTap4.vcxproj", "{CB66DACA-FE87-4E16-9632-528D88B6359A}"
EndProject
Project("{8BC9CEB8-8B4A-11D0-8D11-00A0C91BC942}") = "BaiTap5", "BaiTap5\BaiTap5.vcxproj", "{573D079A-A1C5-432D-9718-DBA5EE328910}"
EndProject
Project("{8BC9CEB8-8B4A-11D0-8D11-00A0C91BC942}") = "BaiTap6", "BaiTap6\BaiTap6.vcxproj", "{83830B07-0DB5-44D4-AB21-7B14C7162D81}"
EndProject
Project("{8BC9CEB8-8B4A-11D0-8D11-00A0C91BC942}") = "BaiTap7", "BaiTap7\BaiTap7.vcxproj", "{7FD1502E-863E-42B5-97DA-E2DDD656AAFC}"
EndProject
Project("{8BC9CEB8-8B4A-11D0-8D11-00A0C91BC942}") = "BaiTap8", "BaiTap8\BaiTap8.vcxproj", "{33101387-02E3-4A13-9570-B898413AB1C8}"
EndProject
Project("{8BC9CEB8-8B4A-11D0-8D11-00A0C91BC942}") = "BaiTap9", "BaiTap9\BaiTap9.vcxproj", "{2E77E681-35D1-4A93-91C1-39D40604983E}"
EndProject
Global
	GlobalSection(SolutionConfigurationPlatforms) = preSolution
		Debug|x64 = Debug|x64
		Debug|x86 = Debug|x86
		Release|x64 = Release|x64
		Release|x86 = Release|x86
	EndGlobalSection
	GlobalSection(ProjectConfigurationPlatforms) = postSolution
		{3CD5E4C6-4859-4081-B103-23C9E168E232}.Debug|x64.ActiveCfg = Debug|x64
		{3CD5E4C6-4859-4081-B103-23C9E168E232}.Debug|x64.Build.0 = Debug|x64
		{3CD5E4C6-4859-4081-B103-23C9E168E232}.Debug|x86.ActiveCfg = Debug|Win32
		{3CD5E4C6-4859-4081-B103-23C9E168E232}.Debug|x86.Build.0 = Debug|Win32
		{3CD5E4C6-4859-4081-B103-23C9E168E232}.Release|x64.ActiveCfg = Release|x64
		{3CD5E4C6-4859-4081-B103-23C9E168E232}.Release|x64.Build.0 = Release|x64
		{3CD5E4C6-4859-4081-B103-23C9E168E232}.Release|x86.ActiveCfg = Release|Win32
		{3CD5E4C6-4859-4081-B103-23C9E168E232}.Release|x86.Build.0 = Release|Win32
		{57C393EE-2CD6-43FD-8B51-462BEFE2473F}.Debug|x64.ActiveCfg = Debug|x64
		{57C393EE-2CD6-43FD-8B51-462BEFE2473F}.Debug|x64.Build.0 = Debug|x64
		{57C393EE-2CD6-43FD-8B51-462BEFE2473F}.Debug|x86.ActiveCfg = Debug|Win32
		{57C393EE-2CD6-43FD-8B51-462BEFE2473F}.Debug|x86.Build.0 = Debug|Win32
		{57C393EE-2CD6-43FD-8B51-462BEFE2473F}.Release|x64.ActiveCfg = Release|x64
		{57C393EE-2CD6-43FD-8B51-462BEFE2473F}.Release|x64.Build.0 = Release|x64
		{57C393EE-2CD6-43FD-8B51-462BEFE2473F}.Release|x86.ActiveCfg = Release|Win32
		{57C393EE-2CD6-43FD-8B51-462BEFE2473F}.Release|x86.Build.0 = Release|Win32
		{587A5B3A-1BED-4798-ABF7-7F61F2B3B642}.Debug|x64.ActiveCfg = Debug|x64
		{587A5B3A-1BED-4798-ABF7-7F61F2B3B642}.Debug|x64.Build.0 = Debug|x64
		{587A5B3A-1BED-4798-ABF7-7F61F2B3B642}.Debug|x86.ActiveCfg = Debug|Win32
		{587A5B3A-1BED-4798-ABF7-7F61F2B3B642}.Debug|x86.Build.0 = Debug|Win32
		{587A5B3A-1BED-4798-ABF7-7F61F2B3B642}.Release|x64.ActiveCfg = Release|x64
		{587A5B3A-1BED-4798-ABF7-7F61F2B3B642}.Release|x64.Build.0 = Release|x64
		{587A5B3A-1BED-4798-ABF7-7F61F2B3B642}.Release|x86.ActiveCfg = Release|Win32
		{587A5B3A-1BED-4798-ABF7-7F61F2B3B642}.Release|x86.Build.0 = Release|Win32
		{CB66DACA-FE87-4E16-9632-528D88B6359A}.Debug|x64.ActiveCfg = Debug|x64
		{CB66DACA-FE87-4E16-9632-528D88B6359A}.Debug|x64.Build.0 = Debug|x64
		{CB66DACA-FE87-4E16-9632-528D88B6359A}.Debug|x86.ActiveCfg = Debug|Win32
		{CB66DACA-FE87-4E16-9632-528D88B6359A}.Debug|x86.Build.0 = Debug|Win32
		{CB66DACA-FE87-4E16-9632-528D88B6359A}.Release|x64.ActiveCfg = Release|x64
		{CB66DACA-FE87-4E16-9632-528D88B6359A}.Release|x64.Build.0 = Release|x64
		{CB66DACA-FE87-4E16-9632-528D88B6359A}.Release|x86.ActiveCfg = Release|Win32
		{CB66DACA-FE87-4E16-9632-528D88B6359A}.Release|x86.Build.0 = Release|Win32
		{573D079A-A1C5-432D-9718-DBA5EE328910}.Debug|x64.ActiveCfg = Debug|x64
		{573D079A-A1C5-432D-9718-DBA5EE328910}.Debug|x64.Build.0 = Debug|x64
		{573D079A-A1C5-432D-9718-DBA5EE328910}.Debug|x86.ActiveCfg = Debug|Win32
		{573D079A-A1C5-432D-9718-DBA5EE328910}.Debug|x86.Build.0 = Debug|Win32
		{573D079A-A1C5-432D-9718-DBA5EE328910}.Release|x64.ActiveCfg = Release|x64
		{573D079A-A1C5-432D-9718-DBA5EE328910}.Release|x64.Build.0 = Release|x64
		{573D079A-A1C5-432D-9718-DBA5EE328910}.Release|x86.ActiveCfg = Release|Win32
		{573D079A-A1C5-432D-9718-DBA5EE328910}.Release|x86.Build.0 = Release|Win32
		{83830B07-0DB5-44D4-AB21-7B14C7162D81}.Debug|x64.ActiveCfg = Debug|x64
		{83830B07-0DB5-44D4-AB21-7B14C7162D81}.Debug|x64.Build.0 = Debug|x64
		{83830B07-0DB5-44D4-AB21-7B14C7162D81}.Debug|x86.ActiveCfg = Debug|Win32
		{83830B07-0DB5-44D4-AB21-7B14C7162D81}.Debug|x86.Build.0 = Debug|Win32
		{83830B07-0DB5-44D4-AB21-7B14C7162D81}.Release|x64.ActiveCfg = Release|x64
		{83830B07-0DB5-44D4-AB21-7B14C7162D81}.Release|x64.Build.0 = Release|x64
		{83830B07-0DB5-44D4-AB21-7B14C7162D81}.Release|x86.ActiveCfg = Release|Win32
		{83830B07-0DB5-44D4-AB21-7B14C7162D81}.Release|x86.Build.0 = Release|Win32
		{7FD1502E-863E-42B5-97DA-E2DDD656AAFC}.Debug|x64.ActiveCfg = Debug|x64
		{7FD1502E-863E-42B5-97DA-E2DDD656AAFC}.Debug|x64.Build.0 = Debug|x64
		{7FD1502E-863E-42B5-97DA-E2DDD656AAFC}.Debug|x86.ActiveCfg = Debug|Win32
		{7FD1502E-863E-42B5-97DA-E2DDD656AAFC}.Debug|x86.Build.0 = Debug|Win32
		{7FD1502E-863E-42B5-97DA-E2DDD656AAFC}.Release|x64.ActiveCfg = Release|x64
		{7FD1502E-863E-42B5-97DA-E2DDD656AAFC}.Release|x64.Build.0 = Release|x64
		{7FD1502E-863E-42B5-97DA-E2DDD656AAFC}.Release|x86.ActiveCfg = Release|Win32
		{7FD1502E-863E-42B5-97DA-E2DDD656AAFC}.Release|x86.Build.0 = Release|Win32
		{33101387-02E3-4A13-9570-B898413AB1C8}.Debug|x64.ActiveCfg = Debug|x64
		{33101387-02E3-4A13-9570-B898413AB1C8}.Debug|x64.Build.0 = Debug|x64
		{33101387-02E3-4A13-9570-B898413AB1C8}.Debug|x86.ActiveCfg = Debug|Win32
		{33101387-02E3-4A13-9570-B898413AB1C8}.Debug|x86.Build.0 = Debug|Win32
		{33101387-02E3-4A13-9570-B898413AB1C8}.Release|x64.ActiveCfg = Release|x64
		{33101387-02E3-4A13-9570-B898413AB1C8}.Release|x64.Build.0 = Release|x64
		{33101387-02E3-4A13-9570-B898413AB1C8}.Release|x86.ActiveCfg = Release|Win32
		{33101387-02E3-4A13-9570-B898413AB1C8}.Release|x86.Build.0 = Release|Win32
		{2E77E681-35D1-4A93-91C1-39D40604983E}.Debug|x64.ActiveCfg = Debug|x64
		{2E77E681-35D1-4A93-91C1-39D40604983E}.Debug|x64.Build.0 = Debug|x64
		{2E77E681-35D1-4A93-91C1-39D40604983E}.Debug|x86.ActiveCfg = Debug|Win32
		{2E77E681-35D1-4A93-91C1-39D40604983E}.Debug|x86.Build.0 = Debug|Win32
		{2E77E681-35D1-4A93-91C1-39D40604983E}.Release|x64.ActiveCfg = Release|x64
		{2E77E681-35D1-4A93-91C1-39D40604983E}.Release|x64.Build.0 = Release|x64
		{2E77E681-35D1-4A93-91C1-39D40604983E}.Release|x86.ActiveCfg = Release|Win32
		{2E77E681-35D1-4A93-91C1-39D40604983E}.Release|x86.Build.0 = Release|Win32
	EndGlobalSection
	GlobalSection(SolutionProperties) = preSolution
		HideSolutionNode = FALSE
	EndGlobalSection
	GlobalSection(ExtensibilityGlobals) = postSolution
		SolutionGuid = {D92BD642-92B1-4C9C-961D-709B31963C5B}
	EndGlobalSection
EndGlobal
