
Microsoft Visual Studio Solution File, Format Version 12.00
# Visual Studio Version 17
VisualStudioVersion = 17.3.32929.385
MinimumVisualStudioVersion = 10.0.40219.1
Project("{8BC9CEB8-8B4A-11D0-8D11-00A0C91BC942}") = "BaiTap1", "BaiTap1\BaiTap1.vcxproj", "{2909C08F-B563-4637-BFE5-77E486B01E13}"
EndProject
Project("{8BC9CEB8-8B4A-11D0-8D11-00A0C91BC942}") = "BaiTap2", "BaiTap2\BaiTap2.vcxproj", "{07C8BD2B-A7D9-43D3-8CB2-7D671FFBD211}"
EndProject
Project("{8BC9CEB8-8B4A-11D0-8D11-00A0C91BC942}") = "BaiTap3", "BaiTap3\BaiTap3.vcxproj", "{BEA3E6D7-D1CE-4913-A484-086CB5E8C2CC}"
EndProject
Project("{8BC9CEB8-8B4A-11D0-8D11-00A0C91BC942}") = "BaiTap4", "BaiTap4\BaiTap4.vcxproj", "{A6060E96-DAF6-49D6-8291-81062DDA4BC5}"
EndProject
Project("{8BC9CEB8-8B4A-11D0-8D11-00A0C91BC942}") = "BaiTap5", "BaiTap5\BaiTap5.vcxproj", "{E458C1B9-4121-4283-A7B9-8C37A99D6E81}"
EndProject
Project("{8BC9CEB8-8B4A-11D0-8D11-00A0C91BC942}") = "BaiTap6", "BaiTap6\BaiTap6.vcxproj", "{3BB504F4-3D7C-40C3-8E0D-18C1E2507AA8}"
EndProject
Project("{8BC9CEB8-8B4A-11D0-8D11-00A0C91BC942}") = "BaiTap7", "BaiTap7\BaiTap7.vcxproj", "{0D5F8DC2-0FC7-4DA0-9283-6830C886EE1A}"
EndProject
Project("{8BC9CEB8-8B4A-11D0-8D11-00A0C91BC942}") = "BaiTap8", "BaiTap8\BaiTap8.vcxproj", "{7B84FB0A-3AB6-4DE9-BF99-4AE89C866EFF}"
EndProject
Project("{8BC9CEB8-8B4A-11D0-8D11-00A0C91BC942}") = "BaiTap9", "BaiTap9\BaiTap9.vcxproj", "{6EC467C2-DBE6-490E-9DF4-573C074BADD6}"
EndProject
Project("{8BC9CEB8-8B4A-11D0-8D11-00A0C91BC942}") = "BT10", "BT10\BT10.vcxproj", "{3FE2F8E0-9DC0-4E1D-AE7D-56F0934A768A}"
EndProject
Global
	GlobalSection(SolutionConfigurationPlatforms) = preSolution
		Debug|x64 = Debug|x64
		Debug|x86 = Debug|x86
		Release|x64 = Release|x64
		Release|x86 = Release|x86
	EndGlobalSection
	GlobalSection(ProjectConfigurationPlatforms) = postSolution
		{2909C08F-B563-4637-BFE5-77E486B01E13}.Debug|x64.ActiveCfg = Debug|x64
		{2909C08F-B563-4637-BFE5-77E486B01E13}.Debug|x64.Build.0 = Debug|x64
		{2909C08F-B563-4637-BFE5-77E486B01E13}.Debug|x86.ActiveCfg = Debug|Win32
		{2909C08F-B563-4637-BFE5-77E486B01E13}.Debug|x86.Build.0 = Debug|Win32
		{2909C08F-B563-4637-BFE5-77E486B01E13}.Release|x64.ActiveCfg = Release|x64
		{2909C08F-B563-4637-BFE5-77E486B01E13}.Release|x64.Build.0 = Release|x64
		{2909C08F-B563-4637-BFE5-77E486B01E13}.Release|x86.ActiveCfg = Release|Win32
		{2909C08F-B563-4637-BFE5-77E486B01E13}.Release|x86.Build.0 = Release|Win32
		{07C8BD2B-A7D9-43D3-8CB2-7D671FFBD211}.Debug|x64.ActiveCfg = Debug|x64
		{07C8BD2B-A7D9-43D3-8CB2-7D671FFBD211}.Debug|x64.Build.0 = Debug|x64
		{07C8BD2B-A7D9-43D3-8CB2-7D671FFBD211}.Debug|x86.ActiveCfg = Debug|Win32
		{07C8BD2B-A7D9-43D3-8CB2-7D671FFBD211}.Debug|x86.Build.0 = Debug|Win32
		{07C8BD2B-A7D9-43D3-8CB2-7D671FFBD211}.Release|x64.ActiveCfg = Release|x64
		{07C8BD2B-A7D9-43D3-8CB2-7D671FFBD211}.Release|x64.Build.0 = Release|x64
		{07C8BD2B-A7D9-43D3-8CB2-7D671FFBD211}.Release|x86.ActiveCfg = Release|Win32
		{07C8BD2B-A7D9-43D3-8CB2-7D671FFBD211}.Release|x86.Build.0 = Release|Win32
		{BEA3E6D7-D1CE-4913-A484-086CB5E8C2CC}.Debug|x64.ActiveCfg = Debug|x64
		{BEA3E6D7-D1CE-4913-A484-086CB5E8C2CC}.Debug|x64.Build.0 = Debug|x64
		{BEA3E6D7-D1CE-4913-A484-086CB5E8C2CC}.Debug|x86.ActiveCfg = Debug|Win32
		{BEA3E6D7-D1CE-4913-A484-086CB5E8C2CC}.Debug|x86.Build.0 = Debug|Win32
		{BEA3E6D7-D1CE-4913-A484-086CB5E8C2CC}.Release|x64.ActiveCfg = Release|x64
		{BEA3E6D7-D1CE-4913-A484-086CB5E8C2CC}.Release|x64.Build.0 = Release|x64
		{BEA3E6D7-D1CE-4913-A484-086CB5E8C2CC}.Release|x86.ActiveCfg = Release|Win32
		{BEA3E6D7-D1CE-4913-A484-086CB5E8C2CC}.Release|x86.Build.0 = Release|Win32
		{A6060E96-DAF6-49D6-8291-81062DDA4BC5}.Debug|x64.ActiveCfg = Debug|x64
		{A6060E96-DAF6-49D6-8291-81062DDA4BC5}.Debug|x64.Build.0 = Debug|x64
		{A6060E96-DAF6-49D6-8291-81062DDA4BC5}.Debug|x86.ActiveCfg = Debug|Win32
		{A6060E96-DAF6-49D6-8291-81062DDA4BC5}.Debug|x86.Build.0 = Debug|Win32
		{A6060E96-DAF6-49D6-8291-81062DDA4BC5}.Release|x64.ActiveCfg = Release|x64
		{A6060E96-DAF6-49D6-8291-81062DDA4BC5}.Release|x64.Build.0 = Release|x64
		{A6060E96-DAF6-49D6-8291-81062DDA4BC5}.Release|x86.ActiveCfg = Release|Win32
		{A6060E96-DAF6-49D6-8291-81062DDA4BC5}.Release|x86.Build.0 = Release|Win32
		{E458C1B9-4121-4283-A7B9-8C37A99D6E81}.Debug|x64.ActiveCfg = Debug|x64
		{E458C1B9-4121-4283-A7B9-8C37A99D6E81}.Debug|x64.Build.0 = Debug|x64
		{E458C1B9-4121-4283-A7B9-8C37A99D6E81}.Debug|x86.ActiveCfg = Debug|Win32
		{E458C1B9-4121-4283-A7B9-8C37A99D6E81}.Debug|x86.Build.0 = Debug|Win32
		{E458C1B9-4121-4283-A7B9-8C37A99D6E81}.Release|x64.ActiveCfg = Release|x64
		{E458C1B9-4121-4283-A7B9-8C37A99D6E81}.Release|x64.Build.0 = Release|x64
		{E458C1B9-4121-4283-A7B9-8C37A99D6E81}.Release|x86.ActiveCfg = Release|Win32
		{E458C1B9-4121-4283-A7B9-8C37A99D6E81}.Release|x86.Build.0 = Release|Win32
		{3BB504F4-3D7C-40C3-8E0D-18C1E2507AA8}.Debug|x64.ActiveCfg = Debug|x64
		{3BB504F4-3D7C-40C3-8E0D-18C1E2507AA8}.Debug|x64.Build.0 = Debug|x64
		{3BB504F4-3D7C-40C3-8E0D-18C1E2507AA8}.Debug|x86.ActiveCfg = Debug|Win32
		{3BB504F4-3D7C-40C3-8E0D-18C1E2507AA8}.Debug|x86.Build.0 = Debug|Win32
		{3BB504F4-3D7C-40C3-8E0D-18C1E2507AA8}.Release|x64.ActiveCfg = Release|x64
		{3BB504F4-3D7C-40C3-8E0D-18C1E2507AA8}.Release|x64.Build.0 = Release|x64
		{3BB504F4-3D7C-40C3-8E0D-18C1E2507AA8}.Release|x86.ActiveCfg = Release|Win32
		{3BB504F4-3D7C-40C3-8E0D-18C1E2507AA8}.Release|x86.Build.0 = Release|Win32
		{0D5F8DC2-0FC7-4DA0-9283-6830C886EE1A}.Debug|x64.ActiveCfg = Debug|x64
		{0D5F8DC2-0FC7-4DA0-9283-6830C886EE1A}.Debug|x64.Build.0 = Debug|x64
		{0D5F8DC2-0FC7-4DA0-9283-6830C886EE1A}.Debug|x86.ActiveCfg = Debug|Win32
		{0D5F8DC2-0FC7-4DA0-9283-6830C886EE1A}.Debug|x86.Build.0 = Debug|Win32
		{0D5F8DC2-0FC7-4DA0-9283-6830C886EE1A}.Release|x64.ActiveCfg = Release|x64
		{0D5F8DC2-0FC7-4DA0-9283-6830C886EE1A}.Release|x64.Build.0 = Release|x64
		{0D5F8DC2-0FC7-4DA0-9283-6830C886EE1A}.Release|x86.ActiveCfg = Release|Win32
		{0D5F8DC2-0FC7-4DA0-9283-6830C886EE1A}.Release|x86.Build.0 = Release|Win32
		{7B84FB0A-3AB6-4DE9-BF99-4AE89C866EFF}.Debug|x64.ActiveCfg = Debug|x64
		{7B84FB0A-3AB6-4DE9-BF99-4AE89C866EFF}.Debug|x64.Build.0 = Debug|x64
		{7B84FB0A-3AB6-4DE9-BF99-4AE89C866EFF}.Debug|x86.ActiveCfg = Debug|Win32
		{7B84FB0A-3AB6-4DE9-BF99-4AE89C866EFF}.Debug|x86.Build.0 = Debug|Win32
		{7B84FB0A-3AB6-4DE9-BF99-4AE89C866EFF}.Release|x64.ActiveCfg = Release|x64
		{7B84FB0A-3AB6-4DE9-BF99-4AE89C866EFF}.Release|x64.Build.0 = Release|x64
		{7B84FB0A-3AB6-4DE9-BF99-4AE89C866EFF}.Release|x86.ActiveCfg = Release|Win32
		{7B84FB0A-3AB6-4DE9-BF99-4AE89C866EFF}.Release|x86.Build.0 = Release|Win32
		{6EC467C2-DBE6-490E-9DF4-573C074BADD6}.Debug|x64.ActiveCfg = Debug|x64
		{6EC467C2-DBE6-490E-9DF4-573C074BADD6}.Debug|x64.Build.0 = Debug|x64
		{6EC467C2-DBE6-490E-9DF4-573C074BADD6}.Debug|x86.ActiveCfg = Debug|Win32
		{6EC467C2-DBE6-490E-9DF4-573C074BADD6}.Debug|x86.Build.0 = Debug|Win32
		{6EC467C2-DBE6-490E-9DF4-573C074BADD6}.Release|x64.ActiveCfg = Release|x64
		{6EC467C2-DBE6-490E-9DF4-573C074BADD6}.Release|x64.Build.0 = Release|x64
		{6EC467C2-DBE6-490E-9DF4-573C074BADD6}.Release|x86.ActiveCfg = Release|Win32
		{6EC467C2-DBE6-490E-9DF4-573C074BADD6}.Release|x86.Build.0 = Release|Win32
		{3FE2F8E0-9DC0-4E1D-AE7D-56F0934A768A}.Debug|x64.ActiveCfg = Debug|x64
		{3FE2F8E0-9DC0-4E1D-AE7D-56F0934A768A}.Debug|x64.Build.0 = Debug|x64
		{3FE2F8E0-9DC0-4E1D-AE7D-56F0934A768A}.Debug|x86.ActiveCfg = Debug|Win32
		{3FE2F8E0-9DC0-4E1D-AE7D-56F0934A768A}.Debug|x86.Build.0 = Debug|Win32
		{3FE2F8E0-9DC0-4E1D-AE7D-56F0934A768A}.Release|x64.ActiveCfg = Release|x64
		{3FE2F8E0-9DC0-4E1D-AE7D-56F0934A768A}.Release|x64.Build.0 = Release|x64
		{3FE2F8E0-9DC0-4E1D-AE7D-56F0934A768A}.Release|x86.ActiveCfg = Release|Win32
		{3FE2F8E0-9DC0-4E1D-AE7D-56F0934A768A}.Release|x86.Build.0 = Release|Win32
	EndGlobalSection
	GlobalSection(SolutionProperties) = preSolution
		HideSolutionNode = FALSE
	EndGlobalSection
	GlobalSection(ExtensibilityGlobals) = postSolution
		SolutionGuid = {16D97750-7314-4FB0-BCC0-482303E8FC83}
	EndGlobalSection
EndGlobal
